
Microsoft Visual Studio Solution File, Format Version 12.00
# Visual Studio Version 16
VisualStudioVersion = 16.0.29324.140
MinimumVisualStudioVersion = 10.0.40219.1
Project("{8BC9CEB8-8B4A-11D0-8D11-00A0C91BC942}") = "mergesort", "ConsoleApplication2\ConsoleApplication2.vcxproj", "{16A4D11D-11EA-468D-8129-5EC821529F53}"
EndProject
Project("{8BC9CEB8-8B4A-11D0-8D11-00A0C91BC942}") = "求小和问题和逆序对问题", "求小数和问题\求小数和问题.vcxproj", "{63AE078B-D5F0-4555-947E-9DFD413193D5}"
EndProject
Project("{8BC9CEB8-8B4A-11D0-8D11-00A0C91BC942}") = "堆排序", "堆排序\堆排序.vcxproj", "{82B23DE3-9831-420D-8C4E-CF0D442892DF}"
EndProject
Project("{8BC9CEB8-8B4A-11D0-8D11-00A0C91BC942}") = "桶排序", "桶排序\桶排序.vcxproj", "{ED51E17E-80F0-493B-942C-4C37433A92C1}"
EndProject
Project("{8BC9CEB8-8B4A-11D0-8D11-00A0C91BC942}") = "栈实现队列和队列实现栈", "栈实现队列和队列实现栈\栈实现队列和队列实现栈.vcxproj", "{748C177B-E2B2-4B07-A23E-12C4F772E453}"
EndProject
Project("{8BC9CEB8-8B4A-11D0-8D11-00A0C91BC942}") = "表达式求值", "中位数\中位数.vcxproj", "{C23B86E9-84FA-4951-9FB0-D627BB150ED0}"
EndProject
Project("{8BC9CEB8-8B4A-11D0-8D11-00A0C91BC942}") = "打印矩阵", "转圈打印矩阵\转圈打印矩阵.vcxproj", "{B2A27D61-03FD-4F32-881C-7A0BFF5251FA}"
EndProject
Project("{8BC9CEB8-8B4A-11D0-8D11-00A0C91BC942}") = "滑动窗口", "滑动窗口\滑动窗口.vcxproj", "{9AE886FF-45BD-4784-AAFB-4B9795470399}"
EndProject
Project("{8BC9CEB8-8B4A-11D0-8D11-00A0C91BC942}") = "BFS", "BFS\BFS.vcxproj", "{1BE6E573-CCA0-4821-BC7F-CEFB863448BB}"
EndProject
Project("{8BC9CEB8-8B4A-11D0-8D11-00A0C91BC942}") = "动态规划", "动态规划\动态规划.vcxproj", "{311123A8-473D-4F63-A799-4A85227F7A4B}"
EndProject
Project("{8BC9CEB8-8B4A-11D0-8D11-00A0C91BC942}") = "test", "test\test.vcxproj", "{5404CC64-9F77-4391-9B59-8FDCFE84DCDB}"
EndProject
Global
	GlobalSection(SolutionConfigurationPlatforms) = preSolution
		Debug|x64 = Debug|x64
		Debug|x86 = Debug|x86
		Release|x64 = Release|x64
		Release|x86 = Release|x86
	EndGlobalSection
	GlobalSection(ProjectConfigurationPlatforms) = postSolution
		{16A4D11D-11EA-468D-8129-5EC821529F53}.Debug|x64.ActiveCfg = Debug|x64
		{16A4D11D-11EA-468D-8129-5EC821529F53}.Debug|x64.Build.0 = Debug|x64
		{16A4D11D-11EA-468D-8129-5EC821529F53}.Debug|x86.ActiveCfg = Debug|Win32
		{16A4D11D-11EA-468D-8129-5EC821529F53}.Debug|x86.Build.0 = Debug|Win32
		{16A4D11D-11EA-468D-8129-5EC821529F53}.Release|x64.ActiveCfg = Release|x64
		{16A4D11D-11EA-468D-8129-5EC821529F53}.Release|x64.Build.0 = Release|x64
		{16A4D11D-11EA-468D-8129-5EC821529F53}.Release|x86.ActiveCfg = Release|Win32
		{16A4D11D-11EA-468D-8129-5EC821529F53}.Release|x86.Build.0 = Release|Win32
		{63AE078B-D5F0-4555-947E-9DFD413193D5}.Debug|x64.ActiveCfg = Debug|x64
		{63AE078B-D5F0-4555-947E-9DFD413193D5}.Debug|x64.Build.0 = Debug|x64
		{63AE078B-D5F0-4555-947E-9DFD413193D5}.Debug|x86.ActiveCfg = Debug|Win32
		{63AE078B-D5F0-4555-947E-9DFD413193D5}.Debug|x86.Build.0 = Debug|Win32
		{63AE078B-D5F0-4555-947E-9DFD413193D5}.Release|x64.ActiveCfg = Release|x64
		{63AE078B-D5F0-4555-947E-9DFD413193D5}.Release|x64.Build.0 = Release|x64
		{63AE078B-D5F0-4555-947E-9DFD413193D5}.Release|x86.ActiveCfg = Release|Win32
		{63AE078B-D5F0-4555-947E-9DFD413193D5}.Release|x86.Build.0 = Release|Win32
		{82B23DE3-9831-420D-8C4E-CF0D442892DF}.Debug|x64.ActiveCfg = Debug|x64
		{82B23DE3-9831-420D-8C4E-CF0D442892DF}.Debug|x64.Build.0 = Debug|x64
		{82B23DE3-9831-420D-8C4E-CF0D442892DF}.Debug|x86.ActiveCfg = Debug|Win32
		{82B23DE3-9831-420D-8C4E-CF0D442892DF}.Debug|x86.Build.0 = Debug|Win32
		{82B23DE3-9831-420D-8C4E-CF0D442892DF}.Release|x64.ActiveCfg = Release|x64
		{82B23DE3-9831-420D-8C4E-CF0D442892DF}.Release|x64.Build.0 = Release|x64
		{82B23DE3-9831-420D-8C4E-CF0D442892DF}.Release|x86.ActiveCfg = Release|Win32
		{82B23DE3-9831-420D-8C4E-CF0D442892DF}.Release|x86.Build.0 = Release|Win32
		{ED51E17E-80F0-493B-942C-4C37433A92C1}.Debug|x64.ActiveCfg = Debug|x64
		{ED51E17E-80F0-493B-942C-4C37433A92C1}.Debug|x64.Build.0 = Debug|x64
		{ED51E17E-80F0-493B-942C-4C37433A92C1}.Debug|x86.ActiveCfg = Debug|Win32
		{ED51E17E-80F0-493B-942C-4C37433A92C1}.Debug|x86.Build.0 = Debug|Win32
		{ED51E17E-80F0-493B-942C-4C37433A92C1}.Release|x64.ActiveCfg = Release|x64
		{ED51E17E-80F0-493B-942C-4C37433A92C1}.Release|x64.Build.0 = Release|x64
		{ED51E17E-80F0-493B-942C-4C37433A92C1}.Release|x86.ActiveCfg = Release|Win32
		{ED51E17E-80F0-493B-942C-4C37433A92C1}.Release|x86.Build.0 = Release|Win32
		{748C177B-E2B2-4B07-A23E-12C4F772E453}.Debug|x64.ActiveCfg = Debug|x64
		{748C177B-E2B2-4B07-A23E-12C4F772E453}.Debug|x64.Build.0 = Debug|x64
		{748C177B-E2B2-4B07-A23E-12C4F772E453}.Debug|x86.ActiveCfg = Debug|Win32
		{748C177B-E2B2-4B07-A23E-12C4F772E453}.Debug|x86.Build.0 = Debug|Win32
		{748C177B-E2B2-4B07-A23E-12C4F772E453}.Release|x64.ActiveCfg = Release|x64
		{748C177B-E2B2-4B07-A23E-12C4F772E453}.Release|x64.Build.0 = Release|x64
		{748C177B-E2B2-4B07-A23E-12C4F772E453}.Release|x86.ActiveCfg = Release|Win32
		{748C177B-E2B2-4B07-A23E-12C4F772E453}.Release|x86.Build.0 = Release|Win32
		{C23B86E9-84FA-4951-9FB0-D627BB150ED0}.Debug|x64.ActiveCfg = Debug|x64
		{C23B86E9-84FA-4951-9FB0-D627BB150ED0}.Debug|x64.Build.0 = Debug|x64
		{C23B86E9-84FA-4951-9FB0-D627BB150ED0}.Debug|x86.ActiveCfg = Debug|Win32
		{C23B86E9-84FA-4951-9FB0-D627BB150ED0}.Debug|x86.Build.0 = Debug|Win32
		{C23B86E9-84FA-4951-9FB0-D627BB150ED0}.Release|x64.ActiveCfg = Release|x64
		{C23B86E9-84FA-4951-9FB0-D627BB150ED0}.Release|x64.Build.0 = Release|x64
		{C23B86E9-84FA-4951-9FB0-D627BB150ED0}.Release|x86.ActiveCfg = Release|Win32
		{C23B86E9-84FA-4951-9FB0-D627BB150ED0}.Release|x86.Build.0 = Release|Win32
		{B2A27D61-03FD-4F32-881C-7A0BFF5251FA}.Debug|x64.ActiveCfg = Debug|x64
		{B2A27D61-03FD-4F32-881C-7A0BFF5251FA}.Debug|x64.Build.0 = Debug|x64
		{B2A27D61-03FD-4F32-881C-7A0BFF5251FA}.Debug|x86.ActiveCfg = Debug|Win32
		{B2A27D61-03FD-4F32-881C-7A0BFF5251FA}.Debug|x86.Build.0 = Debug|Win32
		{B2A27D61-03FD-4F32-881C-7A0BFF5251FA}.Release|x64.ActiveCfg = Release|x64
		{B2A27D61-03FD-4F32-881C-7A0BFF5251FA}.Release|x64.Build.0 = Release|x64
		{B2A27D61-03FD-4F32-881C-7A0BFF5251FA}.Release|x86.ActiveCfg = Release|Win32
		{B2A27D61-03FD-4F32-881C-7A0BFF5251FA}.Release|x86.Build.0 = Release|Win32
		{9AE886FF-45BD-4784-AAFB-4B9795470399}.Debug|x64.ActiveCfg = Debug|x64
		{9AE886FF-45BD-4784-AAFB-4B9795470399}.Debug|x64.Build.0 = Debug|x64
		{9AE886FF-45BD-4784-AAFB-4B9795470399}.Debug|x86.ActiveCfg = Debug|Win32
		{9AE886FF-45BD-4784-AAFB-4B9795470399}.Debug|x86.Build.0 = Debug|Win32
		{9AE886FF-45BD-4784-AAFB-4B9795470399}.Release|x64.ActiveCfg = Release|x64
		{9AE886FF-45BD-4784-AAFB-4B9795470399}.Release|x64.Build.0 = Release|x64
		{9AE886FF-45BD-4784-AAFB-4B9795470399}.Release|x86.ActiveCfg = Release|Win32
		{9AE886FF-45BD-4784-AAFB-4B9795470399}.Release|x86.Build.0 = Release|Win32
		{1BE6E573-CCA0-4821-BC7F-CEFB863448BB}.Debug|x64.ActiveCfg = Debug|x64
		{1BE6E573-CCA0-4821-BC7F-CEFB863448BB}.Debug|x64.Build.0 = Debug|x64
		{1BE6E573-CCA0-4821-BC7F-CEFB863448BB}.Debug|x86.ActiveCfg = Debug|Win32
		{1BE6E573-CCA0-4821-BC7F-CEFB863448BB}.Debug|x86.Build.0 = Debug|Win32
		{1BE6E573-CCA0-4821-BC7F-CEFB863448BB}.Release|x64.ActiveCfg = Release|x64
		{1BE6E573-CCA0-4821-BC7F-CEFB863448BB}.Release|x64.Build.0 = Release|x64
		{1BE6E573-CCA0-4821-BC7F-CEFB863448BB}.Release|x86.ActiveCfg = Release|Win32
		{1BE6E573-CCA0-4821-BC7F-CEFB863448BB}.Release|x86.Build.0 = Release|Win32
		{311123A8-473D-4F63-A799-4A85227F7A4B}.Debug|x64.ActiveCfg = Debug|x64
		{311123A8-473D-4F63-A799-4A85227F7A4B}.Debug|x64.Build.0 = Debug|x64
		{311123A8-473D-4F63-A799-4A85227F7A4B}.Debug|x86.ActiveCfg = Debug|Win32
		{311123A8-473D-4F63-A799-4A85227F7A4B}.Debug|x86.Build.0 = Debug|Win32
		{311123A8-473D-4F63-A799-4A85227F7A4B}.Release|x64.ActiveCfg = Release|x64
		{311123A8-473D-4F63-A799-4A85227F7A4B}.Release|x64.Build.0 = Release|x64
		{311123A8-473D-4F63-A799-4A85227F7A4B}.Release|x86.ActiveCfg = Release|Win32
		{311123A8-473D-4F63-A799-4A85227F7A4B}.Release|x86.Build.0 = Release|Win32
		{5404CC64-9F77-4391-9B59-8FDCFE84DCDB}.Debug|x64.ActiveCfg = Debug|x64
		{5404CC64-9F77-4391-9B59-8FDCFE84DCDB}.Debug|x64.Build.0 = Debug|x64
		{5404CC64-9F77-4391-9B59-8FDCFE84DCDB}.Debug|x86.ActiveCfg = Debug|Win32
		{5404CC64-9F77-4391-9B59-8FDCFE84DCDB}.Debug|x86.Build.0 = Debug|Win32
		{5404CC64-9F77-4391-9B59-8FDCFE84DCDB}.Release|x64.ActiveCfg = Release|x64
		{5404CC64-9F77-4391-9B59-8FDCFE84DCDB}.Release|x64.Build.0 = Release|x64
		{5404CC64-9F77-4391-9B59-8FDCFE84DCDB}.Release|x86.ActiveCfg = Release|Win32
		{5404CC64-9F77-4391-9B59-8FDCFE84DCDB}.Release|x86.Build.0 = Release|Win32
	EndGlobalSection
	GlobalSection(SolutionProperties) = preSolution
		HideSolutionNode = FALSE
	EndGlobalSection
	GlobalSection(ExtensibilityGlobals) = postSolution
		SolutionGuid = {E6189085-1FA5-4A76-9A4F-0A9EF8CEB98E}
	EndGlobalSection
EndGlobal
